
Microsoft Visual Studio Solution File, Format Version 12.00
# Visual Studio Version 17
VisualStudioVersion = 17.14.36414.22 d17.14
MinimumVisualStudioVersion = 10.0.40219.1
Project("{FAE04EC0-301F-11D3-BF4B-00C04F79EFBC}") = "CS3", "CS3\CS3.csproj", "{84211A3B-15DC-466C-87A4-EC75446D0054}"
EndProject
Global
	GlobalSection(SolutionConfigurationPlatforms) = preSolution
		Debug|Any CPU = Debug|Any CPU
		Release|Any CPU = Release|Any CPU
	EndGlobalSection
	GlobalSection(ProjectConfigurationPlatforms) = postSolution
		{84211A3B-15DC-466C-87A4-EC75446D0054}.Debug|Any CPU.ActiveCfg = Debug|Any CPU
		{84211A3B-15DC-466C-87A4-EC75446D0054}.Debug|Any CPU.Build.0 = Debug|Any CPU
		{84211A3B-15DC-466C-87A4-EC75446D0054}.Release|Any CPU.ActiveCfg = Release|Any CPU
		{84211A3B-15DC-466C-87A4-EC75446D0054}.Release|Any CPU.Build.0 = Release|Any CPU
	EndGlobalSection
	GlobalSection(SolutionProperties) = preSolution
		HideSolutionNode = FALSE
	EndGlobalSection
	GlobalSection(ExtensibilityGlobals) = postSolution
		SolutionGuid = {BADD65E5-6D1D-4B37-92EE-C13876C1D4A7}
	EndGlobalSection
EndGlobal
