
Microsoft Visual Studio Solution File, Format Version 12.00
# Visual Studio Version 17
VisualStudioVersion = 17.14.36717.8 d17.14
MinimumVisualStudioVersion = 10.0.40219.1
Project("{FAE04EC0-301F-11D3-BF4B-00C04F79EFBC}") = "CS7", "CS7\CS7.csproj", "{547A445E-44A4-47E5-9805-0E161BEA2A2C}"
EndProject
Global
	GlobalSection(SolutionConfigurationPlatforms) = preSolution
		Debug|Any CPU = Debug|Any CPU
		Release|Any CPU = Release|Any CPU
	EndGlobalSection
	GlobalSection(ProjectConfigurationPlatforms) = postSolution
		{547A445E-44A4-47E5-9805-0E161BEA2A2C}.Debug|Any CPU.ActiveCfg = Debug|Any CPU
		{547A445E-44A4-47E5-9805-0E161BEA2A2C}.Debug|Any CPU.Build.0 = Debug|Any CPU
		{547A445E-44A4-47E5-9805-0E161BEA2A2C}.Release|Any CPU.ActiveCfg = Release|Any CPU
		{547A445E-44A4-47E5-9805-0E161BEA2A2C}.Release|Any CPU.Build.0 = Release|Any CPU
	EndGlobalSection
	GlobalSection(SolutionProperties) = preSolution
		HideSolutionNode = FALSE
	EndGlobalSection
	GlobalSection(ExtensibilityGlobals) = postSolution
		SolutionGuid = {9A225B46-7552-4794-AB23-A5E4C2199AB2}
	EndGlobalSection
EndGlobal
