
Microsoft Visual Studio Solution File, Format Version 12.00
# Visual Studio Version 17
VisualStudioVersion = 17.14.36414.22 d17.14
MinimumVisualStudioVersion = 10.0.40219.1
Project("{FAE04EC0-301F-11D3-BF4B-00C04F79EFBC}") = "CS2", "CS2\CS2.csproj", "{7770B861-5AEE-4631-BFE5-2CCBA2910677}"
EndProject
Global
	GlobalSection(SolutionConfigurationPlatforms) = preSolution
		Debug|Any CPU = Debug|Any CPU
		Release|Any CPU = Release|Any CPU
	EndGlobalSection
	GlobalSection(ProjectConfigurationPlatforms) = postSolution
		{7770B861-5AEE-4631-BFE5-2CCBA2910677}.Debug|Any CPU.ActiveCfg = Debug|Any CPU
		{7770B861-5AEE-4631-BFE5-2CCBA2910677}.Debug|Any CPU.Build.0 = Debug|Any CPU
		{7770B861-5AEE-4631-BFE5-2CCBA2910677}.Release|Any CPU.ActiveCfg = Release|Any CPU
		{7770B861-5AEE-4631-BFE5-2CCBA2910677}.Release|Any CPU.Build.0 = Release|Any CPU
	EndGlobalSection
	GlobalSection(SolutionProperties) = preSolution
		HideSolutionNode = FALSE
	EndGlobalSection
	GlobalSection(ExtensibilityGlobals) = postSolution
		SolutionGuid = {31F9AEAC-394B-4428-AD80-B4A52A45EA55}
	EndGlobalSection
EndGlobal
